
Microsoft Visual Studio Solution File, Format Version 12.00
# Visual Studio Version 17
VisualStudioVersion = 17.6.33712.159
MinimumVisualStudioVersion = 10.0.40219.1
Project("{FAE04EC0-301F-11D3-BF4B-00C04F79EFBC}") = "MVC", "MVC\MVC.csproj", "{F9277521-C504-4AB8-9AD2-94CF7212CE7E}"
EndProject
Global
	GlobalSection(SolutionConfigurationPlatforms) = preSolution
		Debug|Any CPU = Debug|Any CPU
		Release|Any CPU = Release|Any CPU
	EndGlobalSection
	GlobalSection(ProjectConfigurationPlatforms) = postSolution
		{F9277521-C504-4AB8-9AD2-94CF7212CE7E}.Debug|Any CPU.ActiveCfg = Debug|Any CPU
		{F9277521-C504-4AB8-9AD2-94CF7212CE7E}.Debug|Any CPU.Build.0 = Debug|Any CPU
		{F9277521-C504-4AB8-9AD2-94CF7212CE7E}.Release|Any CPU.ActiveCfg = Release|Any CPU
		{F9277521-C504-4AB8-9AD2-94CF7212CE7E}.Release|Any CPU.Build.0 = Release|Any CPU
	EndGlobalSection
	GlobalSection(SolutionProperties) = preSolution
		HideSolutionNode = FALSE
	EndGlobalSection
	GlobalSection(ExtensibilityGlobals) = postSolution
		SolutionGuid = {D614763F-2DD2-4B88-8766-C714131416C7}
	EndGlobalSection
EndGlobal
